# THIS IS AN AUTOGENERATED FILE. DO NOT EDIT THIS FILE DIRECTLY.
# yarn lockfile v1


"@chainlink/contracts@^0.3.0":
  version "0.3.0"
  resolved "https://registry.yarnpkg.com/@chainlink/contracts/-/contracts-0.3.0.tgz#b388615acab5d9353bc15b5357250cf0662bc8fe"
  integrity sha512-Pxu5qMTa0gc28Sxf9hyBkvwhPMn3HD62cGXy54RkL9PcabOHlUsk1i3BoFf3rwFr7T30N/obYn4de3ZrG12PDA==

"@openzeppelin/contracts@^4.4.0":
  version "4.4.0"
  resolved "https://registry.yarnpkg.com/@openzeppelin/contracts/-/contracts-4.4.0.tgz#4a1df71f736c31230bbbd634dfb006a756b51e6b"
  integrity sha512-dlKiZmDvJnGRLHojrDoFZJmsQVeltVeoiRN7RK+cf2FmkhASDEblE0RiaYdxPNsUZa6mRG8393b9bfyp+V5IAw==

assertion-error@^1.1.0:
  version "1.1.0"
  resolved "https://registry.yarnpkg.com/assertion-error/-/assertion-error-1.1.0.tgz#e60b6b0e8f301bd97e5375215bda406c85118c0b"
  integrity sha512-jgsaNduz+ndvGyFt3uSuWqvy4lCnIJiovtouQN5JZHOKCS2QuhEdbcQHFhVksz2N2U9hXJo8odG7ETyWlEeuDw==

lodash.isequal@^4.5.0:
  version "4.5.0"
  resolved "https://registry.yarnpkg.com/lodash.isequal/-/lodash.isequal-4.5.0.tgz#415c4478f2bcc30120c22ce10ed3226f7d3e18e0"
  integrity sha1-QVxEePK8wwEgwizhDtMib30+GOA=

truffle-assertions@^0.9.2:
  version "0.9.2"
  resolved "https://registry.yarnpkg.com/truffle-assertions/-/truffle-assertions-0.9.2.tgz#0f8360f53ad92b6d8fdb8ceb5dce54c1fc392e23"
  integrity sha512-9g2RhaxU2F8DeWhqoGQvL/bV8QVoSnQ6PY+ZPvYRP5eF7+/8LExb4mjLx/FeliLTjc3Tv1SABG05Gu5qQ/ErmA==
  dependencies:
    assertion-error "^1.1.0"
    lodash.isequal "^4.5.0"
